PODS:
  - GCDWebServer (3.2.2):
    - GCDWebServer/Core (= 3.2.2)
  - GCDWebServer/Core (3.2.2)
  - IOCipher (0.1.0):
    - IOCipher/standard (= 0.1.0)
  - IOCipher/common (0.1.0):
    - libsqlfs/SQLCipher
  - IOCipher/GCDWebServer (0.1.0):
    - GCDWebServer
    - IOCipher/common
  - IOCipher/standard (0.1.0):
    - IOCipher/common
  - libsqlfs/common (1.3)
  - libsqlfs/SQLCipher (1.3):
    - libsqlfs/common
    - SQLCipher/fts
  - SQLCipher/common (3.1.0)
  - SQLCipher/fts (3.1.0):
    - SQLCipher/common

DEPENDENCIES:
  - IOCipher (from `../`)
  - IOCipher/GCDWebServer (from `../`)

EXTERNAL SOURCES:
  IOCipher:
    :path: ../

SPEC CHECKSUMS:
  GCDWebServer: 285fde9951ab2cd87c2d9d74735fee977a16fe04
  IOCipher: b98913cec82ead5a0c933513b4e462133044f90a
  libsqlfs: a9b325b13ff38c9b8381c43e9765315cc242d802
  SQLCipher: 981110217eb93c2779c34fb59e646a1c1da918d8

COCOAPODS: 0.35.0
